
Microsoft Visual Studio Solution File, Format Version 12.00
# Visual Studio Version 17
VisualStudioVersion = 17.1.32319.34
MinimumVisualStudioVersion = 10.0.40219.1
Project("{8BC9CEB8-8B4A-11D0-8D11-00A0C91BC942}") = "01_5", "01_5\01_5.vcxproj", "{90F63871-8A77-400B-B8AB-4B8AB2B3C20B}"
EndProject
Global
	GlobalSection(SolutionConfigurationPlatforms) = preSolution
		Debug|x64 = Debug|x64
		Debug|x86 = Debug|x86
		Release|x64 = Release|x64
		Release|x86 = Release|x86
	EndGlobalSection
	GlobalSection(ProjectConfigurationPlatforms) = postSolution
		{90F63871-8A77-400B-B8AB-4B8AB2B3C20B}.Debug|x64.ActiveCfg = Debug|x64
		{90F63871-8A77-400B-B8AB-4B8AB2B3C20B}.Debug|x64.Build.0 = Debug|x64
		{90F63871-8A77-400B-B8AB-4B8AB2B3C20B}.Debug|x86.ActiveCfg = Debug|Win32
		{90F63871-8A77-400B-B8AB-4B8AB2B3C20B}.Debug|x86.Build.0 = Debug|Win32
		{90F63871-8A77-400B-B8AB-4B8AB2B3C20B}.Release|x64.ActiveCfg = Release|x64
		{90F63871-8A77-400B-B8AB-4B8AB2B3C20B}.Release|x64.Build.0 = Release|x64
		{90F63871-8A77-400B-B8AB-4B8AB2B3C20B}.Release|x86.ActiveCfg = Release|Win32
		{90F63871-8A77-400B-B8AB-4B8AB2B3C20B}.Release|x86.Build.0 = Release|Win32
	EndGlobalSection
	GlobalSection(SolutionProperties) = preSolution
		HideSolutionNode = FALSE
	EndGlobalSection
	GlobalSection(ExtensibilityGlobals) = postSolution
		SolutionGuid = {1B472A5F-DA3D-4A69-8632-370EA15C4FD6}
	EndGlobalSection
EndGlobal
